
Microsoft Visual Studio Solution File, Format Version 12.00
# Visual Studio Version 16
VisualStudioVersion = 16.0.31112.23
MinimumVisualStudioVersion = 10.0.40219.1
Project("{8BC9CEB8-8B4A-11D0-8D11-00A0C91BC942}") = "TCPClient", "TCPClient\TCPClient.vcxproj", "{74708FE0-D9BC-4F5D-A707-0DA87209FC66}"
EndProject
Project("{8BC9CEB8-8B4A-11D0-8D11-00A0C91BC942}") = "TCPServer", "TCPServer\TCPServer.vcxproj", "{7C534362-6EF4-41B5-80A3-4CA89792BB15}"
EndProject
Global
	GlobalSection(SolutionConfigurationPlatforms) = preSolution
		Debug|x64 = Debug|x64
		Debug|x86 = Debug|x86
		Release|x64 = Release|x64
		Release|x86 = Release|x86
	EndGlobalSection
	GlobalSection(ProjectConfigurationPlatforms) = postSolution
		{74708FE0-D9BC-4F5D-A707-0DA87209FC66}.Debug|x64.ActiveCfg = Debug|x64
		{74708FE0-D9BC-4F5D-A707-0DA87209FC66}.Debug|x64.Build.0 = Debug|x64
		{74708FE0-D9BC-4F5D-A707-0DA87209FC66}.Debug|x86.ActiveCfg = Debug|Win32
		{74708FE0-D9BC-4F5D-A707-0DA87209FC66}.Debug|x86.Build.0 = Debug|Win32
		{74708FE0-D9BC-4F5D-A707-0DA87209FC66}.Release|x64.ActiveCfg = Release|x64
		{74708FE0-D9BC-4F5D-A707-0DA87209FC66}.Release|x64.Build.0 = Release|x64
		{74708FE0-D9BC-4F5D-A707-0DA87209FC66}.Release|x86.ActiveCfg = Release|Win32
		{74708FE0-D9BC-4F5D-A707-0DA87209FC66}.Release|x86.Build.0 = Release|Win32
		{7C534362-6EF4-41B5-80A3-4CA89792BB15}.Debug|x64.ActiveCfg = Debug|x64
		{7C534362-6EF4-41B5-80A3-4CA89792BB15}.Debug|x64.Build.0 = Debug|x64
		{7C534362-6EF4-41B5-80A3-4CA89792BB15}.Debug|x86.ActiveCfg = Debug|Win32
		{7C534362-6EF4-41B5-80A3-4CA89792BB15}.Debug|x86.Build.0 = Debug|Win32
		{7C534362-6EF4-41B5-80A3-4CA89792BB15}.Release|x64.ActiveCfg = Release|x64
		{7C534362-6EF4-41B5-80A3-4CA89792BB15}.Release|x64.Build.0 = Release|x64
		{7C534362-6EF4-41B5-80A3-4CA89792BB15}.Release|x86.ActiveCfg = Release|Win32
		{7C534362-6EF4-41B5-80A3-4CA89792BB15}.Release|x86.Build.0 = Release|Win32
	EndGlobalSection
	GlobalSection(SolutionProperties) = preSolution
		HideSolutionNode = FALSE
	EndGlobalSection
	GlobalSection(ExtensibilityGlobals) = postSolution
		SolutionGuid = {D394E0CF-1E2C-4E60-A326-9779C77CE4C5}
	EndGlobalSection
EndGlobal
